
Microsoft Visual Studio Solution File, Format Version 12.00
# Visual Studio Version 17
VisualStudioVersion = 17.7.34202.233
MinimumVisualStudioVersion = 10.0.40219.1
Project("{9A19103F-16F7-4668-BE54-9A1E7A4F7556}") = "ServerSide", "ServerSide\ServerSide.csproj", "{932571C9-B9E8-42AA-A3E3-57C8624D07D0}"
EndProject
Project("{9A19103F-16F7-4668-BE54-9A1E7A4F7556}") = "DAL", "DAL\DAL.csproj", "{18CF73CA-5DE6-4476-9503-0E4F13154093}"
EndProject
Project("{9A19103F-16F7-4668-BE54-9A1E7A4F7556}") = "Common", "Common\Common.csproj", "{DA362768-2325-408C-9D0B-CF4646F83720}"
EndProject
Project("{9A19103F-16F7-4668-BE54-9A1E7A4F7556}") = "BLL", "BLL\BLL.csproj", "{55D8779A-B4C5-4284-B175-A9713C2BCC14}"
EndProject
Global
	GlobalSection(SolutionConfigurationPlatforms) = preSolution
		Debug|Any CPU = Debug|Any CPU
		Release|Any CPU = Release|Any CPU
	EndGlobalSection
	GlobalSection(ProjectConfigurationPlatforms) = postSolution
		{932571C9-B9E8-42AA-A3E3-57C8624D07D0}.Debug|Any CPU.ActiveCfg = Debug|Any CPU
		{932571C9-B9E8-42AA-A3E3-57C8624D07D0}.Debug|Any CPU.Build.0 = Debug|Any CPU
		{932571C9-B9E8-42AA-A3E3-57C8624D07D0}.Release|Any CPU.ActiveCfg = Release|Any CPU
		{932571C9-B9E8-42AA-A3E3-57C8624D07D0}.Release|Any CPU.Build.0 = Release|Any CPU
		{18CF73CA-5DE6-4476-9503-0E4F13154093}.Debug|Any CPU.ActiveCfg = Debug|Any CPU
		{18CF73CA-5DE6-4476-9503-0E4F13154093}.Debug|Any CPU.Build.0 = Debug|Any CPU
		{18CF73CA-5DE6-4476-9503-0E4F13154093}.Release|Any CPU.ActiveCfg = Release|Any CPU
		{18CF73CA-5DE6-4476-9503-0E4F13154093}.Release|Any CPU.Build.0 = Release|Any CPU
		{DA362768-2325-408C-9D0B-CF4646F83720}.Debug|Any CPU.ActiveCfg = Debug|Any CPU
		{DA362768-2325-408C-9D0B-CF4646F83720}.Debug|Any CPU.Build.0 = Debug|Any CPU
		{DA362768-2325-408C-9D0B-CF4646F83720}.Release|Any CPU.ActiveCfg = Release|Any CPU
		{DA362768-2325-408C-9D0B-CF4646F83720}.Release|Any CPU.Build.0 = Release|Any CPU
		{55D8779A-B4C5-4284-B175-A9713C2BCC14}.Debug|Any CPU.ActiveCfg = Debug|Any CPU
		{55D8779A-B4C5-4284-B175-A9713C2BCC14}.Debug|Any CPU.Build.0 = Debug|Any CPU
		{55D8779A-B4C5-4284-B175-A9713C2BCC14}.Release|Any CPU.ActiveCfg = Release|Any CPU
		{55D8779A-B4C5-4284-B175-A9713C2BCC14}.Release|Any CPU.Build.0 = Release|Any CPU
	EndGlobalSection
	GlobalSection(SolutionProperties) = preSolution
		HideSolutionNode = FALSE
	EndGlobalSection
	GlobalSection(ExtensibilityGlobals) = postSolution
		SolutionGuid = {B48792D4-666F-4C15-A961-5B2CC5EC3569}
	EndGlobalSection
EndGlobal
